// !$*UTF8*$!
{
	archiveVersion = 1;
	classes = {
	};
	objectVersion = 56;
	objects = {

/* Begin PBXBuildFile section */
		712741332A0C655A0091CBBD /* CellView.swift in Sources */ = {isa = PBXBuildFile; fileRef = 712741322A0C655A0091CBBD /* CellView.swift */; };
		716C1C812A0C219200A0942E /* WidgetKit.framework in Frameworks */ = {isa = PBXBuildFile; fileRef = 716C1C802A0C219200A0942E /* WidgetKit.framework */; };
		716C1C832A0C219200A0942E /* SwiftUI.framework in Frameworks */ = {isa = PBXBuildFile; fileRef = 716C1C822A0C219200A0942E /* SwiftUI.framework */; };
		716C1C932A0C219300A0942E /* WidgetExtension.appex in Embed Foundation Extensions */ = {isa = PBXBuildFile; fileRef = 716C1C7F2A0C219200A0942E /* WidgetExtension.appex */; settings = {ATTRIBUTES = (RemoveHeadersOnCopy, ); }; };
		716C1C9D2A0C222600A0942E /* WidgetKit.framework in Frameworks */ = {isa = PBXBuildFile; fileRef = 716C1C802A0C219200A0942E /* WidgetKit.framework */; };
		716C1C9E2A0C222600A0942E /* SwiftUI.framework in Frameworks */ = {isa = PBXBuildFile; fileRef = 716C1C822A0C219200A0942E /* SwiftUI.framework */; };
		716C1CA12A0C222600A0942E /* Static_WidgetBundle.swift in Sources */ = {isa = PBXBuildFile; fileRef = 716C1CA02A0C222600A0942E /* Static_WidgetBundle.swift */; };
		716C1CA32A0C222600A0942E /* Static_WidgetLiveActivity.swift in Sources */ = {isa = PBXBuildFile; fileRef = 716C1CA22A0C222600A0942E /* Static_WidgetLiveActivity.swift */; };
		716C1CA52A0C222600A0942E /* Static_Widget.swift in Sources */ = {isa = PBXBuildFile; fileRef = 716C1CA42A0C222600A0942E /* Static_Widget.swift */; };
		716C1CA72A0C222700A0942E /* Assets.xcassets in Resources */ = {isa = PBXBuildFile; fileRef = 716C1CA62A0C222700A0942E /* Assets.xcassets */; };
		716C1CAB2A0C222700A0942E /* Static WidgetExtension.appex in Embed Foundation Extensions */ = {isa = PBXBuildFile; fileRef = 716C1C9C2A0C222600A0942E /* Static WidgetExtension.appex */; settings = {ATTRIBUTES = (RemoveHeadersOnCopy, ); }; };
		719BB02B2A0313AE00138C58 /* MultiplatformDemoApp.swift in Sources */ = {isa = PBXBuildFile; fileRef = 719BB02A2A0313AE00138C58 /* MultiplatformDemoApp.swift */; };
		719BB02F2A0313B000138C58 /* Assets.xcassets in Resources */ = {isa = PBXBuildFile; fileRef = 719BB02E2A0313B000138C58 /* Assets.xcassets */; };
		719BB0322A0313B000138C58 /* Preview Assets.xcassets in Resources */ = {isa = PBXBuildFile; fileRef = 719BB0312A0313B000138C58 /* Preview Assets.xcassets */; };
		719BB03E2A0313E000138C58 /* Views.h in Headers */ = {isa = PBXBuildFile; fileRef = 719BB03D2A0313E000138C58 /* Views.h */; settings = {ATTRIBUTES = (Public, ); }; };
		719BB0412A0313E000138C58 /* Views.framework in Frameworks */ = {isa = PBXBuildFile; fileRef = 719BB03B2A0313E000138C58 /* Views.framework */; };
		719BB0422A0313E000138C58 /* Views.framework in Embed Frameworks */ = {isa = PBXBuildFile; fileRef = 719BB03B2A0313E000138C58 /* Views.framework */; settings = {ATTRIBUTES = (CodeSignOnCopy, RemoveHeadersOnCopy, ); }; };
		719BB0472A0313E400138C58 /* ContentView.swift in Sources */ = {isa = PBXBuildFile; fileRef = 71CA33352A01E73C00AB6926 /* ContentView.swift */; };
		719BB0492A03143800138C58 /* Views.framework in Frameworks */ = {isa = PBXBuildFile; fileRef = 719BB03B2A0313E000138C58 /* Views.framework */; };
		719BB04A2A03143800138C58 /* Views.framework in Embed Frameworks */ = {isa = PBXBuildFile; fileRef = 719BB03B2A0313E000138C58 /* Views.framework */; settings = {ATTRIBUTES = (CodeSignOnCopy, RemoveHeadersOnCopy, ); }; };
		719BB0552A0314E200138C58 /* TVApp.swift in Sources */ = {isa = PBXBuildFile; fileRef = 719BB0542A0314E200138C58 /* TVApp.swift */; };
		719BB0592A0314E300138C58 /* Assets.xcassets in Resources */ = {isa = PBXBuildFile; fileRef = 719BB0582A0314E300138C58 /* Assets.xcassets */; };
		719BB05C2A0314E300138C58 /* Preview Assets.xcassets in Resources */ = {isa = PBXBuildFile; fileRef = 719BB05B2A0314E300138C58 /* Preview Assets.xcassets */; };
		719BB0602A0315ED00138C58 /* Views.framework in Frameworks */ = {isa = PBXBuildFile; fileRef = 719BB03B2A0313E000138C58 /* Views.framework */; };
		719BB0612A0315ED00138C58 /* Views.framework in Embed Frameworks */ = {isa = PBXBuildFile; fileRef = 719BB03B2A0313E000138C58 /* Views.framework */; settings = {ATTRIBUTES = (CodeSignOnCopy, RemoveHeadersOnCopy, ); }; };
		719BB0662A0317AF00138C58 /* DetailedView.swift in Sources */ = {isa = PBXBuildFile; fileRef = 719BB0652A0317AF00138C58 /* DetailedView.swift */; };
		71CA33342A01E73B00AB6926 /* SwiftUIMultiplatformDemoApp.swift in Sources */ = {isa = PBXBuildFile; fileRef = 71CA33332A01E73B00AB6926 /* SwiftUIMultiplatformDemoApp.swift */; };
		71CA33382A01E73D00AB6926 /* Assets.xcassets in Resources */ = {isa = PBXBuildFile; fileRef = 71CA33372A01E73D00AB6926 /* Assets.xcassets */; };
		71CA333C2A01E73D00AB6926 /* Preview Assets.xcassets in Resources */ = {isa = PBXBuildFile; fileRef = 71CA333B2A01E73D00AB6926 /* Preview Assets.xcassets */; };
/* End PBXBuildFile section */

/* Begin PBXContainerItemProxy section */
		716C1C912A0C219300A0942E /* PBXContainerItemProxy */ = {
			isa = PBXContainerItemProxy;
			containerPortal = 71CA33282A01E73B00AB6926 /* Project object */;
			proxyType = 1;
			remoteGlobalIDString = 716C1C7E2A0C219200A0942E;
			remoteInfo = WidgetExtension;
		};
		716C1CA92A0C222700A0942E /* PBXContainerItemProxy */ = {
			isa = PBXContainerItemProxy;
			containerPortal = 71CA33282A01E73B00AB6926 /* Project object */;
			proxyType = 1;
			remoteGlobalIDString = 716C1C9B2A0C222600A0942E;
			remoteInfo = "Static WidgetExtension";
		};
		719BB03F2A0313E000138C58 /* PBXContainerItemProxy */ = {
			isa = PBXContainerItemProxy;
			containerPortal = 71CA33282A01E73B00AB6926 /* Project object */;
			proxyType = 1;
			remoteGlobalIDString = 719BB03A2A0313E000138C58;
			remoteInfo = Views;
		};
		719BB04B2A03143800138C58 /* PBXContainerItemProxy */ = {
			isa = PBXContainerItemProxy;
			containerPortal = 71CA33282A01E73B00AB6926 /* Project object */;
			proxyType = 1;
			remoteGlobalIDString = 719BB03A2A0313E000138C58;
			remoteInfo = Views;
		};
		719BB0622A0315ED00138C58 /* PBXContainerItemProxy */ = {
			isa = PBXContainerItemProxy;
			containerPortal = 71CA33282A01E73B00AB6926 /* Project object */;
			proxyType = 1;
			remoteGlobalIDString = 719BB03A2A0313E000138C58;
			remoteInfo = Views;
		};
/* End PBXContainerItemProxy section */

/* Begin PBXCopyFilesBuildPhase section */
		716C1C942A0C219300A0942E /* Embed Foundation Extensions */ = {
			isa = PBXCopyFilesBuildPhase;
			buildActionMask = 2147483647;
			dstPath = "";
			dstSubfolderSpec = 13;
			files = (
				716C1C932A0C219300A0942E /* WidgetExtension.appex in Embed Foundation Extensions */,
				716C1CAB2A0C222700A0942E /* Static WidgetExtension.appex in Embed Foundation Extensions */,
			);
			name = "Embed Foundation Extensions";
			runOnlyForDeploymentPostprocessing = 0;
		};
		719BB0462A0313E000138C58 /* Embed Frameworks */ = {
			isa = PBXCopyFilesBuildPhase;
			buildActionMask = 2147483647;
			dstPath = "";
			dstSubfolderSpec = 10;
			files = (
				719BB0422A0313E000138C58 /* Views.framework in Embed Frameworks */,
			);
			name = "Embed Frameworks";
			runOnlyForDeploymentPostprocessing = 0;
		};
		719BB04D2A03143800138C58 /* Embed Frameworks */ = {
			isa = PBXCopyFilesBuildPhase;
			buildActionMask = 2147483647;
			dstPath = "";
			dstSubfolderSpec = 10;
			files = (
				719BB04A2A03143800138C58 /* Views.framework in Embed Frameworks */,
			);
			name = "Embed Frameworks";
			runOnlyForDeploymentPostprocessing = 0;
		};
		719BB0642A0315ED00138C58 /* Embed Frameworks */ = {
			isa = PBXCopyFilesBuildPhase;
			buildActionMask = 2147483647;
			dstPath = "";
			dstSubfolderSpec = 10;
			files = (
				719BB0612A0315ED00138C58 /* Views.framework in Embed Frameworks */,
			);
			name = "Embed Frameworks";
			runOnlyForDeploymentPostprocessing = 0;
		};
/* End PBXCopyFilesBuildPhase section */

/* Begin PBXFileReference section */
		712741322A0C655A0091CBBD /* CellView.swift */ = {isa = PBXFileReference; lastKnownFileType = sourcecode.swift; path = CellView.swift; sourceTree = "<group>"; };
		716C1C7F2A0C219200A0942E /* WidgetExtension.appex */ = {isa = PBXFileReference; explicitFileType = "wrapper.app-extension"; includeInIndex = 0; path = WidgetExtension.appex; sourceTree = BUILT_PRODUCTS_DIR; };
		716C1C802A0C219200A0942E /* WidgetKit.framework */ = {isa = PBXFileReference; lastKnownFileType = wrapper.framework; name = WidgetKit.framework; path = System/Library/Frameworks/WidgetKit.framework; sourceTree = SDKROOT; };
		716C1C822A0C219200A0942E /* SwiftUI.framework */ = {isa = PBXFileReference; lastKnownFileType = wrapper.framework; name = SwiftUI.framework; path = System/Library/Frameworks/SwiftUI.framework; sourceTree = SDKROOT; };
		716C1C9C2A0C222600A0942E /* Static WidgetExtension.appex */ = {isa = PBXFileReference; explicitFileType = "wrapper.app-extension"; includeInIndex = 0; path = "Static WidgetExtension.appex"; sourceTree = BUILT_PRODUCTS_DIR; };
		716C1CA02A0C222600A0942E /* Static_WidgetBundle.swift */ = {isa = PBXFileReference; lastKnownFileType = sourcecode.swift; path = Static_WidgetBundle.swift; sourceTree = "<group>"; };
		716C1CA22A0C222600A0942E /* Static_WidgetLiveActivity.swift */ = {isa = PBXFileReference; lastKnownFileType = sourcecode.swift; path = Static_WidgetLiveActivity.swift; sourceTree = "<group>"; };
		716C1CA42A0C222600A0942E /* Static_Widget.swift */ = {isa = PBXFileReference; lastKnownFileType = sourcecode.swift; path = Static_Widget.swift; sourceTree = "<group>"; };
		716C1CA62A0C222700A0942E /* Assets.xcassets */ = {isa = PBXFileReference; lastKnownFileType = folder.assetcatalog; path = Assets.xcassets; sourceTree = "<group>"; };
		716C1CA82A0C222700A0942E /* Info.plist */ = {isa = PBXFileReference; lastKnownFileType = text.plist.xml; path = Info.plist; sourceTree = "<group>"; };
		719BB0282A0313AE00138C58 /* MultiplatformDemo Watch App.app */ = {isa = PBXFileReference; explicitFileType = wrapper.application; includeInIndex = 0; path = "MultiplatformDemo Watch App.app"; sourceTree = BUILT_PRODUCTS_DIR; };
		719BB02A2A0313AE00138C58 /* MultiplatformDemoApp.swift */ = {isa = PBXFileReference; lastKnownFileType = sourcecode.swift; path = MultiplatformDemoApp.swift; sourceTree = "<group>"; };
		719BB02E2A0313B000138C58 /* Assets.xcassets */ = {isa = PBXFileReference; lastKnownFileType = folder.assetcatalog; path = Assets.xcassets; sourceTree = "<group>"; };
		719BB0312A0313B000138C58 /* Preview Assets.xcassets */ = {isa = PBXFileReference; lastKnownFileType = folder.assetcatalog; path = "Preview Assets.xcassets"; sourceTree = "<group>"; };
		719BB03B2A0313E000138C58 /* Views.framework */ = {isa = PBXFileReference; explicitFileType = wrapper.framework; includeInIndex = 0; path = Views.framework; sourceTree = BUILT_PRODUCTS_DIR; };
		719BB03D2A0313E000138C58 /* Views.h */ = {isa = PBXFileReference; lastKnownFileType = sourcecode.c.h; path = Views.h; sourceTree = "<group>"; };
		719BB0522A0314E200138C58 /* TV.app */ = {isa = PBXFileReference; explicitFileType = wrapper.application; includeInIndex = 0; path = TV.app; sourceTree = BUILT_PRODUCTS_DIR; };
		719BB0542A0314E200138C58 /* TVApp.swift */ = {isa = PBXFileReference; lastKnownFileType = sourcecode.swift; path = TVApp.swift; sourceTree = "<group>"; };
		719BB0582A0314E300138C58 /* Assets.xcassets */ = {isa = PBXFileReference; lastKnownFileType = folder.assetcatalog; path = Assets.xcassets; sourceTree = "<group>"; };
		719BB05B2A0314E300138C58 /* Preview Assets.xcassets */ = {isa = PBXFileReference; lastKnownFileType = folder.assetcatalog; path = "Preview Assets.xcassets"; sourceTree = "<group>"; };
		719BB0652A0317AF00138C58 /* DetailedView.swift */ = {isa = PBXFileReference; lastKnownFileType = sourcecode.swift; path = DetailedView.swift; sourceTree = "<group>"; };
		71CA33302A01E73B00AB6926 /* SwiftUIMultiplatformDemo.app */ = {isa = PBXFileReference; explicitFileType = wrapper.application; includeInIndex = 0; path = SwiftUIMultiplatformDemo.app; sourceTree = BUILT_PRODUCTS_DIR; };
		71CA33332A01E73B00AB6926 /* SwiftUIMultiplatformDemoApp.swift */ = {isa = PBXFileReference; lastKnownFileType = sourcecode.swift; path = SwiftUIMultiplatformDemoApp.swift; sourceTree = "<group>"; };
		71CA33352A01E73C00AB6926 /* ContentView.swift */ = {isa = PBXFileReference; lastKnownFileType = sourcecode.swift; path = ContentView.swift; sourceTree = "<group>"; };
		71CA33372A01E73D00AB6926 /* Assets.xcassets */ = {isa = PBXFileReference; lastKnownFileType = folder.assetcatalog; path = Assets.xcassets; sourceTree = "<group>"; };
		71CA33392A01E73D00AB6926 /* SwiftUIMultiplatformDemo.entitlements */ = {isa = PBXFileReference; lastKnownFileType = text.plist.entitlements; path = SwiftUIMultiplatformDemo.entitlements; sourceTree = "<group>"; };
		71CA333B2A01E73D00AB6926 /* Preview Assets.xcassets */ = {isa = PBXFileReference; lastKnownFileType = folder.assetcatalog; path = "Preview Assets.xcassets"; sourceTree = "<group>"; };
/* End PBXFileReference section */

/* Begin PBXFrameworksBuildPhase section */
		716C1C7C2A0C219200A0942E /* Frameworks */ = {
			isa = PBXFrameworksBuildPhase;
			buildActionMask = 2147483647;
			files = (
				716C1C832A0C219200A0942E /* SwiftUI.framework in Frameworks */,
				716C1C812A0C219200A0942E /* WidgetKit.framework in Frameworks */,
			);
			runOnlyForDeploymentPostprocessing = 0;
		};
		716C1C992A0C222600A0942E /* Frameworks */ = {
			isa = PBXFrameworksBuildPhase;
			buildActionMask = 2147483647;
			files = (
				716C1C9E2A0C222600A0942E /* SwiftUI.framework in Frameworks */,
				716C1C9D2A0C222600A0942E /* WidgetKit.framework in Frameworks */,
			);
			runOnlyForDeploymentPostprocessing = 0;
		};
		719BB0252A0313AE00138C58 /* Frameworks */ = {
			isa = PBXFrameworksBuildPhase;
			buildActionMask = 2147483647;
			files = (
				719BB0492A03143800138C58 /* Views.framework in Frameworks */,
			);
			runOnlyForDeploymentPostprocessing = 0;
		};
		719BB0382A0313E000138C58 /* Frameworks */ = {
			isa = PBXFrameworksBuildPhase;
			buildActionMask = 2147483647;
			files = (
			);
			runOnlyForDeploymentPostprocessing = 0;
		};
		719BB04F2A0314E200138C58 /* Frameworks */ = {
			isa = PBXFrameworksBuildPhase;
			buildActionMask = 2147483647;
			files = (
				719BB0602A0315ED00138C58 /* Views.framework in Frameworks */,
			);
			runOnlyForDeploymentPostprocessing = 0;
		};
		71CA332D2A01E73B00AB6926 /* Frameworks */ = {
			isa = PBXFrameworksBuildPhase;
			buildActionMask = 2147483647;
			files = (
				719BB0412A0313E000138C58 /* Views.framework in Frameworks */,
			);
			runOnlyForDeploymentPostprocessing = 0;
		};
/* End PBXFrameworksBuildPhase section */

/* Begin PBXGroup section */
		716C1C9F2A0C222600A0942E /* Static Widget */ = {
			isa = PBXGroup;
			children = (
				716C1CA02A0C222600A0942E /* Static_WidgetBundle.swift */,
				716C1CA22A0C222600A0942E /* Static_WidgetLiveActivity.swift */,
				716C1CA42A0C222600A0942E /* Static_Widget.swift */,
				716C1CA62A0C222700A0942E /* Assets.xcassets */,
				716C1CA82A0C222700A0942E /* Info.plist */,
			);
			path = "Static Widget";
			sourceTree = "<group>";
		};
		719BB0292A0313AE00138C58 /* MultiplatformDemo Watch App */ = {
			isa = PBXGroup;
			children = (
				719BB02A2A0313AE00138C58 /* MultiplatformDemoApp.swift */,
				719BB02E2A0313B000138C58 /* Assets.xcassets */,
				719BB0302A0313B000138C58 /* Preview Content */,
			);
			path = "MultiplatformDemo Watch App";
			sourceTree = "<group>";
		};
		719BB0302A0313B000138C58 /* Preview Content */ = {
			isa = PBXGroup;
			children = (
				719BB0312A0313B000138C58 /* Preview Assets.xcassets */,
			);
			path = "Preview Content";
			sourceTree = "<group>";
		};
		719BB03C2A0313E000138C58 /* Views */ = {
			isa = PBXGroup;
			children = (
				71CA33352A01E73C00AB6926 /* ContentView.swift */,
				719BB03D2A0313E000138C58 /* Views.h */,
				719BB0652A0317AF00138C58 /* DetailedView.swift */,
				712741322A0C655A0091CBBD /* CellView.swift */,
			);
			path = Views;
			sourceTree = "<group>";
		};
		719BB0482A03143800138C58 /* Frameworks */ = {
			isa = PBXGroup;
			children = (
				716C1C802A0C219200A0942E /* WidgetKit.framework */,
				716C1C822A0C219200A0942E /* SwiftUI.framework */,
			);
			name = Frameworks;
			sourceTree = "<group>";
		};
		719BB0532A0314E200138C58 /* TV */ = {
			isa = PBXGroup;
			children = (
				719BB0542A0314E200138C58 /* TVApp.swift */,
				719BB0582A0314E300138C58 /* Assets.xcassets */,
				719BB05A2A0314E300138C58 /* Preview Content */,
			);
			path = TV;
			sourceTree = "<group>";
		};
		719BB05A2A0314E300138C58 /* Preview Content */ = {
			isa = PBXGroup;
			children = (
				719BB05B2A0314E300138C58 /* Preview Assets.xcassets */,
			);
			path = "Preview Content";
			sourceTree = "<group>";
		};
		71CA33272A01E73B00AB6926 = {
			isa = PBXGroup;
			children = (
				71CA33322A01E73B00AB6926 /* SwiftUIMultiplatformDemo */,
				719BB0292A0313AE00138C58 /* MultiplatformDemo Watch App */,
				719BB03C2A0313E000138C58 /* Views */,
				719BB0532A0314E200138C58 /* TV */,
				716C1C9F2A0C222600A0942E /* Static Widget */,
				71CA33312A01E73B00AB6926 /* Products */,
				719BB0482A03143800138C58 /* Frameworks */,
			);
			sourceTree = "<group>";
		};
		71CA33312A01E73B00AB6926 /* Products */ = {
			isa = PBXGroup;
			children = (
				71CA33302A01E73B00AB6926 /* SwiftUIMultiplatformDemo.app */,
				719BB0282A0313AE00138C58 /* MultiplatformDemo Watch App.app */,
				719BB03B2A0313E000138C58 /* Views.framework */,
				719BB0522A0314E200138C58 /* TV.app */,
				716C1C7F2A0C219200A0942E /* WidgetExtension.appex */,
				716C1C9C2A0C222600A0942E /* Static WidgetExtension.appex */,
			);
			name = Products;
			sourceTree = "<group>";
		};
		71CA33322A01E73B00AB6926 /* SwiftUIMultiplatformDemo */ = {
			isa = PBXGroup;
			children = (
				71CA33332A01E73B00AB6926 /* SwiftUIMultiplatformDemoApp.swift */,
				71CA33372A01E73D00AB6926 /* Assets.xcassets */,
				71CA33392A01E73D00AB6926 /* SwiftUIMultiplatformDemo.entitlements */,
				71CA333A2A01E73D00AB6926 /* Preview Content */,
			);
			path = SwiftUIMultiplatformDemo;
			sourceTree = "<group>";
		};
		71CA333A2A01E73D00AB6926 /* Preview Content */ = {
			isa = PBXGroup;
			children = (
				71CA333B2A01E73D00AB6926 /* Preview Assets.xcassets */,
			);
			path = "Preview Content";
			sourceTree = "<group>";
		};
/* End PBXGroup section */

/* Begin PBXHeadersBuildPhase section */
		719BB0362A0313E000138C58 /* Headers */ = {
			isa = PBXHeadersBuildPhase;
			buildActionMask = 2147483647;
			files = (
				719BB03E2A0313E000138C58 /* Views.h in Headers */,
			);
			runOnlyForDeploymentPostprocessing = 0;
		};
/* End PBXHeadersBuildPhase section */

/* Begin PBXNativeTarget section */
		716C1C7E2A0C219200A0942E /* WidgetExtension */ = {
			isa = PBXNativeTarget;
			buildConfigurationList = 716C1C972A0C219300A0942E /* Build configuration list for PBXNativeTarget "WidgetExtension" */;
			buildPhases = (
				716C1C7B2A0C219200A0942E /* Sources */,
				716C1C7C2A0C219200A0942E /* Frameworks */,
				716C1C7D2A0C219200A0942E /* Resources */,
			);
			buildRules = (
			);
			dependencies = (
			);
			name = WidgetExtension;
			productName = WidgetExtension;
			productReference = 716C1C7F2A0C219200A0942E /* WidgetExtension.appex */;
			productType = "com.apple.product-type.app-extension";
		};
		716C1C9B2A0C222600A0942E /* Static WidgetExtension */ = {
			isa = PBXNativeTarget;
			buildConfigurationList = 716C1CAC2A0C222700A0942E /* Build configuration list for PBXNativeTarget "Static WidgetExtension" */;
			buildPhases = (
				716C1C982A0C222600A0942E /* Sources */,
				716C1C992A0C222600A0942E /* Frameworks */,
				716C1C9A2A0C222600A0942E /* Resources */,
			);
			buildRules = (
			);
			dependencies = (
			);
			name = "Static WidgetExtension";
			productName = "Static WidgetExtension";
			productReference = 716C1C9C2A0C222600A0942E /* Static WidgetExtension.appex */;
			productType = "com.apple.product-type.app-extension";
		};
		719BB0272A0313AE00138C58 /* MultiplatformDemo Watch App */ = {
			isa = PBXNativeTarget;
			buildConfigurationList = 719BB0352A0313B000138C58 /* Build configuration list for PBXNativeTarget "MultiplatformDemo Watch App" */;
			buildPhases = (
				719BB0242A0313AE00138C58 /* Sources */,
				719BB0252A0313AE00138C58 /* Frameworks */,
				719BB0262A0313AE00138C58 /* Resources */,
				719BB04D2A03143800138C58 /* Embed Frameworks */,
			);
			buildRules = (
			);
			dependencies = (
				719BB04C2A03143800138C58 /* PBXTargetDependency */,
			);
			name = "MultiplatformDemo Watch App";
			productName = "MultiplatformDemo Watch App";
			productReference = 719BB0282A0313AE00138C58 /* MultiplatformDemo Watch App.app */;
			productType = "com.apple.product-type.application";
		};
		719BB03A2A0313E000138C58 /* Views */ = {
			isa = PBXNativeTarget;
			buildConfigurationList = 719BB0432A0313E000138C58 /* Build configuration list for PBXNativeTarget "Views" */;
			buildPhases = (
				719BB0362A0313E000138C58 /* Headers */,
				719BB0372A0313E000138C58 /* Sources */,
				719BB0382A0313E000138C58 /* Frameworks */,
				719BB0392A0313E000138C58 /* Resources */,
			);
			buildRules = (
			);
			dependencies = (
			);
			name = Views;
			productName = Views;
			productReference = 719BB03B2A0313E000138C58 /* Views.framework */;
			productType = "com.apple.product-type.framework";
		};
		719BB0512A0314E200138C58 /* TV */ = {
			isa = PBXNativeTarget;
			buildConfigurationList = 719BB05D2A0314E300138C58 /* Build configuration list for PBXNativeTarget "TV" */;
			buildPhases = (
				719BB04E2A0314E200138C58 /* Sources */,
				719BB04F2A0314E200138C58 /* Frameworks */,
				719BB0502A0314E200138C58 /* Resources */,
				719BB0642A0315ED00138C58 /* Embed Frameworks */,
			);
			buildRules = (
			);
			dependencies = (
				719BB0632A0315ED00138C58 /* PBXTargetDependency */,
			);
			name = TV;
			productName = TV;
			productReference = 719BB0522A0314E200138C58 /* TV.app */;
			productType = "com.apple.product-type.application";
		};
		71CA332F2A01E73B00AB6926 /* SwiftUIMultiplatformDemo */ = {
			isa = PBXNativeTarget;
			buildConfigurationList = 71CA333F2A01E73D00AB6926 /* Build configuration list for PBXNativeTarget "SwiftUIMultiplatformDemo" */;
			buildPhases = (
				71CA332C2A01E73B00AB6926 /* Sources */,
				71CA332D2A01E73B00AB6926 /* Frameworks */,
				71CA332E2A01E73B00AB6926 /* Resources */,
				719BB0462A0313E000138C58 /* Embed Frameworks */,
				716C1C942A0C219300A0942E /* Embed Foundation Extensions */,
			);
			buildRules = (
			);
			dependencies = (
				719BB0402A0313E000138C58 /* PBXTargetDependency */,
				716C1C922A0C219300A0942E /* PBXTargetDependency */,
				716C1CAA2A0C222700A0942E /* PBXTargetDependency */,
			);
			name = SwiftUIMultiplatformDemo;
			productName = SwiftUIMultiplatformDemo;
			productReference = 71CA33302A01E73B00AB6926 /* SwiftUIMultiplatformDemo.app */;
			productType = "com.apple.product-type.application";
		};
/* End PBXNativeTarget section */

/* Begin PBXProject section */
		71CA33282A01E73B00AB6926 /* Project object */ = {
			isa = PBXProject;
			attributes = {
				BuildIndependentTargetsInParallel = 1;
				LastSwiftUpdateCheck = 1430;
				LastUpgradeCheck = 1420;
				TargetAttributes = {
					716C1C7E2A0C219200A0942E = {
						CreatedOnToolsVersion = 14.3;
					};
					716C1C9B2A0C222600A0942E = {
						CreatedOnToolsVersion = 14.3;
					};
					719BB0272A0313AE00138C58 = {
						CreatedOnToolsVersion = 14.2;
					};
					719BB03A2A0313E000138C58 = {
						CreatedOnToolsVersion = 14.2;
					};
					719BB0512A0314E200138C58 = {
						CreatedOnToolsVersion = 14.2;
					};
					71CA332F2A01E73B00AB6926 = {
						CreatedOnToolsVersion = 14.2;
					};
				};
			};
			buildConfigurationList = 71CA332B2A01E73B00AB6926 /* Build configuration list for PBXProject "SwiftUIMultiplatformDemo" */;
			compatibilityVersion = "Xcode 14.0";
			developmentRegion = en;
			hasScannedForEncodings = 0;
			knownRegions = (
				en,
				Base,
			);
			mainGroup = 71CA33272A01E73B00AB6926;
			productRefGroup = 71CA33312A01E73B00AB6926 /* Products */;
			projectDirPath = "";
			projectRoot = "";
			targets = (
				71CA332F2A01E73B00AB6926 /* SwiftUIMultiplatformDemo */,
				719BB0272A0313AE00138C58 /* MultiplatformDemo Watch App */,
				719BB03A2A0313E000138C58 /* Views */,
				719BB0512A0314E200138C58 /* TV */,
				716C1C7E2A0C219200A0942E /* WidgetExtension */,
				716C1C9B2A0C222600A0942E /* Static WidgetExtension */,
			);
		};
/* End PBXProject section */

/* Begin PBXResourcesBuildPhase section */
		716C1C7D2A0C219200A0942E /* Resources */ = {
			isa = PBXResourcesBuildPhase;
			buildActionMask = 2147483647;
			files = (
			);
			runOnlyForDeploymentPostprocessing = 0;
		};
		716C1C9A2A0C222600A0942E /* Resources */ = {
			isa = PBXResourcesBuildPhase;
			buildActionMask = 2147483647;
			files = (
				716C1CA72A0C222700A0942E /* Assets.xcassets in Resources */,
			);
			runOnlyForDeploymentPostprocessing = 0;
		};
		719BB0262A0313AE00138C58 /* Resources */ = {
			isa = PBXResourcesBuildPhase;
			buildActionMask = 2147483647;
			files = (
				719BB0322A0313B000138C58 /* Preview Assets.xcassets in Resources */,
				719BB02F2A0313B000138C58 /* Assets.xcassets in Resources */,
			);
			runOnlyForDeploymentPostprocessing = 0;
		};
		719BB0392A0313E000138C58 /* Resources */ = {
			isa = PBXResourcesBuildPhase;
			buildActionMask = 2147483647;
			files = (
			);
			runOnlyForDeploymentPostprocessing = 0;
		};
		719BB0502A0314E200138C58 /* Resources */ = {
			isa = PBXResourcesBuildPhase;
			buildActionMask = 2147483647;
			files = (
				719BB05C2A0314E300138C58 /* Preview Assets.xcassets in Resources */,
				719BB0592A0314E300138C58 /* Assets.xcassets in Resources */,
			);
			runOnlyForDeploymentPostprocessing = 0;
		};
		71CA332E2A01E73B00AB6926 /* Resources */ = {
			isa = PBXResourcesBuildPhase;
			buildActionMask = 2147483647;
			files = (
				71CA333C2A01E73D00AB6926 /* Preview Assets.xcassets in Resources */,
				71CA33382A01E73D00AB6926 /* Assets.xcassets in Resources */,
			);
			runOnlyForDeploymentPostprocessing = 0;
		};
/* End PBXResourcesBuildPhase section */

/* Begin PBXSourcesBuildPhase section */
		716C1C7B2A0C219200A0942E /* Sources */ = {
			isa = PBXSourcesBuildPhase;
			buildActionMask = 2147483647;
			files = (
			);
			runOnlyForDeploymentPostprocessing = 0;
		};
		716C1C982A0C222600A0942E /* Sources */ = {
			isa = PBXSourcesBuildPhase;
			buildActionMask = 2147483647;
			files = (
				716C1CA52A0C222600A0942E /* Static_Widget.swift in Sources */,
				716C1CA32A0C222600A0942E /* Static_WidgetLiveActivity.swift in Sources */,
				716C1CA12A0C222600A0942E /* Static_WidgetBundle.swift in Sources */,
			);
			runOnlyForDeploymentPostprocessing = 0;
		};
		719BB0242A0313AE00138C58 /* Sources */ = {
			isa = PBXSourcesBuildPhase;
			buildActionMask = 2147483647;
			files = (
				719BB02B2A0313AE00138C58 /* MultiplatformDemoApp.swift in Sources */,
			);
			runOnlyForDeploymentPostprocessing = 0;
		};
		719BB0372A0313E000138C58 /* Sources */ = {
			isa = PBXSourcesBuildPhase;
			buildActionMask = 2147483647;
			files = (
				719BB0662A0317AF00138C58 /* DetailedView.swift in Sources */,
				719BB0472A0313E400138C58 /* ContentView.swift in Sources */,
				712741332A0C655A0091CBBD /* CellView.swift in Sources */,
			);
			runOnlyForDeploymentPostprocessing = 0;
		};
		719BB04E2A0314E200138C58 /* Sources */ = {
			isa = PBXSourcesBuildPhase;
			buildActionMask = 2147483647;
			files = (
				719BB0552A0314E200138C58 /* TVApp.swift in Sources */,
			);
			runOnlyForDeploymentPostprocessing = 0;
		};
		71CA332C2A01E73B00AB6926 /* Sources */ = {
			isa = PBXSourcesBuildPhase;
			buildActionMask = 2147483647;
			files = (
				71CA33342A01E73B00AB6926 /* SwiftUIMultiplatformDemoApp.swift in Sources */,
			);
			runOnlyForDeploymentPostprocessing = 0;
		};
/* End PBXSourcesBuildPhase section */

/* Begin PBXTargetDependency section */
		716C1C922A0C219300A0942E /* PBXTargetDependency */ = {
			isa = PBXTargetDependency;
			target = 716C1C7E2A0C219200A0942E /* WidgetExtension */;
			targetProxy = 716C1C912A0C219300A0942E /* PBXContainerItemProxy */;
		};
		716C1CAA2A0C222700A0942E /* PBXTargetDependency */ = {
			isa = PBXTargetDependency;
			target = 716C1C9B2A0C222600A0942E /* Static WidgetExtension */;
			targetProxy = 716C1CA92A0C222700A0942E /* PBXContainerItemProxy */;
		};
		719BB0402A0313E000138C58 /* PBXTargetDependency */ = {
			isa = PBXTargetDependency;
			target = 719BB03A2A0313E000138C58 /* Views */;
			targetProxy = 719BB03F2A0313E000138C58 /* PBXContainerItemProxy */;
		};
		719BB04C2A03143800138C58 /* PBXTargetDependency */ = {
			isa = PBXTargetDependency;
			target = 719BB03A2A0313E000138C58 /* Views */;
			targetProxy = 719BB04B2A03143800138C58 /* PBXContainerItemProxy */;
		};
		719BB0632A0315ED00138C58 /* PBXTargetDependency */ = {
			isa = PBXTargetDependency;
			target = 719BB03A2A0313E000138C58 /* Views */;
			targetProxy = 719BB0622A0315ED00138C58 /* PBXContainerItemProxy */;
		};
/* End PBXTargetDependency section */

/* Begin XCBuildConfiguration section */
		716C1C952A0C219300A0942E /* Debug */ = {
			isa = XCBuildConfiguration;
			buildSettings = {
				ASSETCATALOG_COMPILER_GLOBAL_ACCENT_COLOR_NAME = AccentColor;
				ASSETCATALOG_COMPILER_WIDGET_BACKGROUND_COLOR_NAME = WidgetBackground;
				CODE_SIGN_STYLE = Automatic;
				CURRENT_PROJECT_VERSION = 1;
				DEVELOPMENT_TEAM = 98A95ZRNVF;
				GENERATE_INFOPLIST_FILE = YES;
				INFOPLIST_FILE = Widget/Info.plist;
				INFOPLIST_KEY_CFBundleDisplayName = Widget;
				INFOPLIST_KEY_NSHumanReadableCopyright = "";
				IPHONEOS_DEPLOYMENT_TARGET = 16.4;
				LD_RUNPATH_SEARCH_PATHS = (
					"$(inherited)",
					"@executable_path/Frameworks",
					"@executable_path/../../Frameworks",
				);
				MARKETING_VERSION = 1.0;
				PRODUCT_BUNDLE_IDENTIFIER = com.leon.SwiftUIMultiplatformDemo.Widget;
				PRODUCT_NAME = "$(TARGET_NAME)";
				SDKROOT = iphoneos;
				SKIP_INSTALL = YES;
				SWIFT_EMIT_LOC_STRINGS = YES;
				SWIFT_VERSION = 5.0;
				TARGETED_DEVICE_FAMILY = "1,2";
			};
			name = Debug;
		};
		716C1C962A0C219300A0942E /* Release */ = {
			isa = XCBuildConfiguration;
			buildSettings = {
				ASSETCATALOG_COMPILER_GLOBAL_ACCENT_COLOR_NAME = AccentColor;
				ASSETCATALOG_COMPILER_WIDGET_BACKGROUND_COLOR_NAME = WidgetBackground;
				CODE_SIGN_STYLE = Automatic;
				CURRENT_PROJECT_VERSION = 1;
				DEVELOPMENT_TEAM = 98A95ZRNVF;
				GENERATE_INFOPLIST_FILE = YES;
				INFOPLIST_FILE = Widget/Info.plist;
				INFOPLIST_KEY_CFBundleDisplayName = Widget;
				INFOPLIST_KEY_NSHumanReadableCopyright = "";
				IPHONEOS_DEPLOYMENT_TARGET = 16.4;
				LD_RUNPATH_SEARCH_PATHS = (
					"$(inherited)",
					"@executable_path/Frameworks",
					"@executable_path/../../Frameworks",
				);
				MARKETING_VERSION = 1.0;
				PRODUCT_BUNDLE_IDENTIFIER = com.leon.SwiftUIMultiplatformDemo.Widget;
				PRODUCT_NAME = "$(TARGET_NAME)";
				SDKROOT = iphoneos;
				SKIP_INSTALL = YES;
				SWIFT_EMIT_LOC_STRINGS = YES;
				SWIFT_VERSION = 5.0;
				TARGETED_DEVICE_FAMILY = "1,2";
				VALIDATE_PRODUCT = YES;
			};
			name = Release;
		};
		716C1CAD2A0C222700A0942E /* Debug */ = {
			isa = XCBuildConfiguration;
			buildSettings = {
				ASSETCATALOG_COMPILER_GLOBAL_ACCENT_COLOR_NAME = AccentColor;
				ASSETCATALOG_COMPILER_WIDGET_BACKGROUND_COLOR_NAME = WidgetBackground;
				CODE_SIGN_STYLE = Automatic;
				CURRENT_PROJECT_VERSION = 1;
				DEVELOPMENT_TEAM = 98A95ZRNVF;
				GENERATE_INFOPLIST_FILE = YES;
				INFOPLIST_FILE = "Static Widget/Info.plist";
				INFOPLIST_KEY_CFBundleDisplayName = "Static Widget";
				INFOPLIST_KEY_NSHumanReadableCopyright = "";
				IPHONEOS_DEPLOYMENT_TARGET = 16.4;
				LD_RUNPATH_SEARCH_PATHS = (
					"$(inherited)",
					"@executable_path/Frameworks",
					"@executable_path/../../Frameworks",
				);
				MARKETING_VERSION = 1.0;
				PRODUCT_BUNDLE_IDENTIFIER = "com.leon.SwiftUIMultiplatformDemo.Static-Widget";
				PRODUCT_NAME = "$(TARGET_NAME)";
				SDKROOT = iphoneos;
				SKIP_INSTALL = YES;
				SWIFT_EMIT_LOC_STRINGS = YES;
				SWIFT_VERSION = 5.0;
				TARGETED_DEVICE_FAMILY = "1,2";
			};
			name = Debug;
		};
		716C1CAE2A0C222700A0942E /* Release */ = {
			isa = XCBuildConfiguration;
			buildSettings = {
				ASSETCATALOG_COMPILER_GLOBAL_ACCENT_COLOR_NAME = AccentColor;
				ASSETCATALOG_COMPILER_WIDGET_BACKGROUND_COLOR_NAME = WidgetBackground;
				CODE_SIGN_STYLE = Automatic;
				CURRENT_PROJECT_VERSION = 1;
				DEVELOPMENT_TEAM = 98A95ZRNVF;
				GENERATE_INFOPLIST_FILE = YES;
				INFOPLIST_FILE = "Static Widget/Info.plist";
				INFOPLIST_KEY_CFBundleDisplayName = "Static Widget";
				INFOPLIST_KEY_NSHumanReadableCopyright = "";
				IPHONEOS_DEPLOYMENT_TARGET = 16.4;
				LD_RUNPATH_SEARCH_PATHS = (
					"$(inherited)",
					"@executable_path/Frameworks",
					"@executable_path/../../Frameworks",
				);
				MARKETING_VERSION = 1.0;
				PRODUCT_BUNDLE_IDENTIFIER = "com.leon.SwiftUIMultiplatformDemo.Static-Widget";
				PRODUCT_NAME = "$(TARGET_NAME)";
				SDKROOT = iphoneos;
				SKIP_INSTALL = YES;
				SWIFT_EMIT_LOC_STRINGS = YES;
				SWIFT_VERSION = 5.0;
				TARGETED_DEVICE_FAMILY = "1,2";
				VALIDATE_PRODUCT = YES;
			};
			name = Release;
		};
		719BB0332A0313B000138C58 /* Debug */ = {
			isa = XCBuildConfiguration;
			buildSettings = {
				ASSETCATALOG_COMPILER_APPICON_NAME = AppIcon;
				ASSETCATALOG_COMPILER_GLOBAL_ACCENT_COLOR_NAME = AccentColor;
				CODE_SIGN_STYLE = Automatic;
				CURRENT_PROJECT_VERSION = 1;
				DEVELOPMENT_ASSET_PATHS = "\"MultiplatformDemo Watch App/Preview Content\"";
				DEVELOPMENT_TEAM = 98A95ZRNVF;
				ENABLE_PREVIEWS = YES;
				GENERATE_INFOPLIST_FILE = YES;
				INFOPLIST_KEY_CFBundleDisplayName = MultiplatformDemo;
				INFOPLIST_KEY_UISupportedInterfaceOrientations = "UIInterfaceOrientationPortrait UIInterfaceOrientationPortraitUpsideDown";
				INFOPLIST_KEY_WKCompanionAppBundleIdentifier = "";
				LD_RUNPATH_SEARCH_PATHS = (
					"$(inherited)",
					"@executable_path/Frameworks",
				);
				MARKETING_VERSION = 1.0;
				PRODUCT_BUNDLE_IDENTIFIER = .watchkitapp;
				PRODUCT_NAME = "$(TARGET_NAME)";
				SDKROOT = watchos;
				SKIP_INSTALL = YES;
				SWIFT_EMIT_LOC_STRINGS = YES;
				SWIFT_VERSION = 5.0;
				TARGETED_DEVICE_FAMILY = 4;
				WATCHOS_DEPLOYMENT_TARGET = 9.1;
			};
			name = Debug;
		};
		719BB0342A0313B000138C58 /* Release */ = {
			isa = XCBuildConfiguration;
			buildSettings = {
				ASSETCATALOG_COMPILER_APPICON_NAME = AppIcon;
				ASSETCATALOG_COMPILER_GLOBAL_ACCENT_COLOR_NAME = AccentColor;
				CODE_SIGN_STYLE = Automatic;
				CURRENT_PROJECT_VERSION = 1;
				DEVELOPMENT_ASSET_PATHS = "\"MultiplatformDemo Watch App/Preview Content\"";
				DEVELOPMENT_TEAM = 98A95ZRNVF;
				ENABLE_PREVIEWS = YES;
				GENERATE_INFOPLIST_FILE = YES;
				INFOPLIST_KEY_CFBundleDisplayName = MultiplatformDemo;
				INFOPLIST_KEY_UISupportedInterfaceOrientations = "UIInterfaceOrientationPortrait UIInterfaceOrientationPortraitUpsideDown";
				INFOPLIST_KEY_WKCompanionAppBundleIdentifier = "";
				LD_RUNPATH_SEARCH_PATHS = (
					"$(inherited)",
					"@executable_path/Frameworks",
				);
				MARKETING_VERSION = 1.0;
				PRODUCT_BUNDLE_IDENTIFIER = .watchkitapp;
				PRODUCT_NAME = "$(TARGET_NAME)";
				SDKROOT = watchos;
				SKIP_INSTALL = YES;
				SWIFT_EMIT_LOC_STRINGS = YES;
				SWIFT_VERSION = 5.0;
				TARGETED_DEVICE_FAMILY = 4;
				VALIDATE_PRODUCT = YES;
				WATCHOS_DEPLOYMENT_TARGET = 9.1;
			};
			name = Release;
		};
		719BB0442A0313E000138C58 /* Debug */ = {
			isa = XCBuildConfiguration;
			buildSettings = {
				CODE_SIGN_STYLE = Automatic;
				CURRENT_PROJECT_VERSION = 1;
				DEFINES_MODULE = YES;
				DEVELOPMENT_TEAM = 98A95ZRNVF;
				DYLIB_COMPATIBILITY_VERSION = 1;
				DYLIB_CURRENT_VERSION = 1;
				DYLIB_INSTALL_NAME_BASE = "@rpath";
				GENERATE_INFOPLIST_FILE = YES;
				INFOPLIST_KEY_NSHumanReadableCopyright = "";
				INSTALL_PATH = "$(LOCAL_LIBRARY_DIR)/Frameworks";
				IPHONEOS_DEPLOYMENT_TARGET = 16.0;
				LD_RUNPATH_SEARCH_PATHS = (
					"@executable_path/Frameworks",
					"@loader_path/Frameworks",
				);
				"LD_RUNPATH_SEARCH_PATHS[sdk=macosx*]" = (
					"@executable_path/../Frameworks",
					"@loader_path/Frameworks",
				);
				MACOSX_DEPLOYMENT_TARGET = 12.0;
				MARKETING_VERSION = 1.0;
				PRODUCT_BUNDLE_IDENTIFIER = com.leon.Views;
				PRODUCT_NAME = "$(TARGET_NAME:c99extidentifier)";
				SDKROOT = auto;
				SKIP_INSTALL = YES;
				SUPPORTED_PLATFORMS = "appletvos appletvsimulator iphoneos iphonesimulator macosx watchos watchsimulator";
				SUPPORTS_MACCATALYST = NO;
				SUPPORTS_MAC_DESIGNED_FOR_IPHONE_IPAD = NO;
				SWIFT_EMIT_LOC_STRINGS = YES;
				SWIFT_VERSION = 5.0;
				TARGETED_DEVICE_FAMILY = "1,2,3,4";
				TVOS_DEPLOYMENT_TARGET = 16.0;
				VERSIONING_SYSTEM = "apple-generic";
				VERSION_INFO_PREFIX = "";
				WATCHOS_DEPLOYMENT_TARGET = 9.0;
			};
			name = Debug;
		};
		719BB0452A0313E000138C58 /* Release */ = {
			isa = XCBuildConfiguration;
			buildSettings = {
				CODE_SIGN_STYLE = Automatic;
				CURRENT_PROJECT_VERSION = 1;
				DEFINES_MODULE = YES;
				DEVELOPMENT_TEAM = 98A95ZRNVF;
				DYLIB_COMPATIBILITY_VERSION = 1;
				DYLIB_CURRENT_VERSION = 1;
				DYLIB_INSTALL_NAME_BASE = "@rpath";
				GENERATE_INFOPLIST_FILE = YES;
				INFOPLIST_KEY_NSHumanReadableCopyright = "";
				INSTALL_PATH = "$(LOCAL_LIBRARY_DIR)/Frameworks";
				IPHONEOS_DEPLOYMENT_TARGET = 16.0;
				LD_RUNPATH_SEARCH_PATHS = (
					"@executable_path/Frameworks",
					"@loader_path/Frameworks",
				);
				"LD_RUNPATH_SEARCH_PATHS[sdk=macosx*]" = (
					"@executable_path/../Frameworks",
					"@loader_path/Frameworks",
				);
				MACOSX_DEPLOYMENT_TARGET = 12.0;
				MARKETING_VERSION = 1.0;
				PRODUCT_BUNDLE_IDENTIFIER = com.leon.Views;
				PRODUCT_NAME = "$(TARGET_NAME:c99extidentifier)";
				SDKROOT = auto;
				SKIP_INSTALL = YES;
				SUPPORTED_PLATFORMS = "appletvos appletvsimulator iphoneos iphonesimulator macosx watchos watchsimulator";
				SUPPORTS_MACCATALYST = NO;
				SUPPORTS_MAC_DESIGNED_FOR_IPHONE_IPAD = NO;
				SWIFT_EMIT_LOC_STRINGS = YES;
				SWIFT_VERSION = 5.0;
				TARGETED_DEVICE_FAMILY = "1,2,3,4";
				TVOS_DEPLOYMENT_TARGET = 16.0;
				VERSIONING_SYSTEM = "apple-generic";
				VERSION_INFO_PREFIX = "";
				WATCHOS_DEPLOYMENT_TARGET = 9.0;
			};
			name = Release;
		};
		719BB05E2A0314E300138C58 /* Debug */ = {
			isa = XCBuildConfiguration;
			buildSettings = {
				ASSETCATALOG_COMPILER_APPICON_NAME = "App Icon & Top Shelf Image";
				ASSETCATALOG_COMPILER_GLOBAL_ACCENT_COLOR_NAME = AccentColor;
				CODE_SIGN_STYLE = Automatic;
				CURRENT_PROJECT_VERSION = 1;
				DEVELOPMENT_ASSET_PATHS = "\"TV/Preview Content\"";
				DEVELOPMENT_TEAM = 98A95ZRNVF;
				ENABLE_PREVIEWS = YES;
				GENERATE_INFOPLIST_FILE = YES;
				INFOPLIST_KEY_UILaunchScreen_Generation = YES;
				INFOPLIST_KEY_UIUserInterfaceStyle = Automatic;
				LD_RUNPATH_SEARCH_PATHS = (
					"$(inherited)",
					"@executable_path/Frameworks",
				);
				MARKETING_VERSION = 1.0;
				PRODUCT_BUNDLE_IDENTIFIER = com.leon.TV;
				PRODUCT_NAME = "$(TARGET_NAME)";
				SDKROOT = appletvos;
				SWIFT_EMIT_LOC_STRINGS = YES;
				SWIFT_VERSION = 5.0;
				TARGETED_DEVICE_FAMILY = 3;
				TVOS_DEPLOYMENT_TARGET = 16.4;
			};
			name = Debug;
		};
		719BB05F2A0314E300138C58 /* Release */ = {
			isa = XCBuildConfiguration;
			buildSettings = {
				ASSETCATALOG_COMPILER_APPICON_NAME = "App Icon & Top Shelf Image";
				ASSETCATALOG_COMPILER_GLOBAL_ACCENT_COLOR_NAME = AccentColor;
				CODE_SIGN_STYLE = Automatic;
				CURRENT_PROJECT_VERSION = 1;
				DEVELOPMENT_ASSET_PATHS = "\"TV/Preview Content\"";
				DEVELOPMENT_TEAM = 98A95ZRNVF;
				ENABLE_PREVIEWS = YES;
				GENERATE_INFOPLIST_FILE = YES;
				INFOPLIST_KEY_UILaunchScreen_Generation = YES;
				INFOPLIST_KEY_UIUserInterfaceStyle = Automatic;
				LD_RUNPATH_SEARCH_PATHS = (
					"$(inherited)",
					"@executable_path/Frameworks",
				);
				MARKETING_VERSION = 1.0;
				PRODUCT_BUNDLE_IDENTIFIER = com.leon.TV;
				PRODUCT_NAME = "$(TARGET_NAME)";
				SDKROOT = appletvos;
				SWIFT_EMIT_LOC_STRINGS = YES;
				SWIFT_VERSION = 5.0;
				TARGETED_DEVICE_FAMILY = 3;
				TVOS_DEPLOYMENT_TARGET = 16.4;
				VALIDATE_PRODUCT = YES;
			};
			name = Release;
		};
		71CA333D2A01E73D00AB6926 /* Debug */ = {
			isa = XCBuildConfiguration;
			buildSettings = {
				ALWAYS_SEARCH_USER_PATHS = NO;
				CLANG_ANALYZER_NONNULL = YES;
				CLANG_ANALYZER_NUMBER_OBJECT_CONVERSION = YES_AGGRESSIVE;
				CLANG_CXX_LANGUAGE_STANDARD = "gnu++20";
				CLANG_ENABLE_MODULES = YES;
				CLANG_ENABLE_OBJC_ARC = YES;
				CLANG_ENABLE_OBJC_WEAK = YES;
				CLANG_WARN_BLOCK_CAPTURE_AUTORELEASING = YES;
				CLANG_WARN_BOOL_CONVERSION = YES;
				CLANG_WARN_COMMA = YES;
				CLANG_WARN_CONSTANT_CONVERSION = YES;
				CLANG_WARN_DEPRECATED_OBJC_IMPLEMENTATIONS = YES;
				CLANG_WARN_DIRECT_OBJC_ISA_USAGE = YES_ERROR;
				CLANG_WARN_DOCUMENTATION_COMMENTS = YES;
				CLANG_WARN_EMPTY_BODY = YES;
				CLANG_WARN_ENUM_CONVERSION = YES;
				CLANG_WARN_INFINITE_RECURSION = YES;
				CLANG_WARN_INT_CONVERSION = YES;
				CLANG_WARN_NON_LITERAL_NULL_CONVERSION = YES;
				CLANG_WARN_OBJC_IMPLICIT_RETAIN_SELF = YES;
				CLANG_WARN_OBJC_LITERAL_CONVERSION = YES;
				CLANG_WARN_OBJC_ROOT_CLASS = YES_ERROR;
				CLANG_WARN_QUOTED_INCLUDE_IN_FRAMEWORK_HEADER = YES;
				CLANG_WARN_RANGE_LOOP_ANALYSIS = YES;
				CLANG_WARN_STRICT_PROTOTYPES = YES;
				CLANG_WARN_SUSPICIOUS_MOVE = YES;
				CLANG_WARN_UNGUARDED_AVAILABILITY = YES_AGGRESSIVE;
				CLANG_WARN_UNREACHABLE_CODE = YES;
				CLANG_WARN__DUPLICATE_METHOD_MATCH = YES;
				COPY_PHASE_STRIP = NO;
				DEBUG_INFORMATION_FORMAT = dwarf;
				ENABLE_STRICT_OBJC_MSGSEND = YES;
				ENABLE_TESTABILITY = YES;
				GCC_C_LANGUAGE_STANDARD = gnu11;
				GCC_DYNAMIC_NO_PIC = NO;
				GCC_NO_COMMON_BLOCKS = YES;
				GCC_OPTIMIZATION_LEVEL = 0;
				GCC_PREPROCESSOR_DEFINITIONS = (
					"DEBUG=1",
					"$(inherited)",
				);
				GCC_WARN_64_TO_32_BIT_CONVERSION = YES;
				GCC_WARN_ABOUT_RETURN_TYPE = YES_ERROR;
				GCC_WARN_UNDECLARED_SELECTOR = YES;
				GCC_WARN_UNINITIALIZED_AUTOS = YES_AGGRESSIVE;
				GCC_WARN_UNUSED_FUNCTION = YES;
				GCC_WARN_UNUSED_VARIABLE = YES;
				MTL_ENABLE_DEBUG_INFO = INCLUDE_SOURCE;
				MTL_FAST_MATH = YES;
				ONLY_ACTIVE_ARCH = YES;
				SWIFT_ACTIVE_COMPILATION_CONDITIONS = DEBUG;
				SWIFT_OPTIMIZATION_LEVEL = "-Onone";
			};
			name = Debug;
		};
		71CA333E2A01E73D00AB6926 /* Release */ = {
			isa = XCBuildConfiguration;
			buildSettings = {
				ALWAYS_SEARCH_USER_PATHS = NO;
				CLANG_ANALYZER_NONNULL = YES;
				CLANG_ANALYZER_NUMBER_OBJECT_CONVERSION = YES_AGGRESSIVE;
				CLANG_CXX_LANGUAGE_STANDARD = "gnu++20";
				CLANG_ENABLE_MODULES = YES;
				CLANG_ENABLE_OBJC_ARC = YES;
				CLANG_ENABLE_OBJC_WEAK = YES;
				CLANG_WARN_BLOCK_CAPTURE_AUTORELEASING = YES;
				CLANG_WARN_BOOL_CONVERSION = YES;
				CLANG_WARN_COMMA = YES;
				CLANG_WARN_CONSTANT_CONVERSION = YES;
				CLANG_WARN_DEPRECATED_OBJC_IMPLEMENTATIONS = YES;
				CLANG_WARN_DIRECT_OBJC_ISA_USAGE = YES_ERROR;
				CLANG_WARN_DOCUMENTATION_COMMENTS = YES;
				CLANG_WARN_EMPTY_BODY = YES;
				CLANG_WARN_ENUM_CONVERSION = YES;
				CLANG_WARN_INFINITE_RECURSION = YES;
				CLANG_WARN_INT_CONVERSION = YES;
				CLANG_WARN_NON_LITERAL_NULL_CONVERSION = YES;
				CLANG_WARN_OBJC_IMPLICIT_RETAIN_SELF = YES;
				CLANG_WARN_OBJC_LITERAL_CONVERSION = YES;
				CLANG_WARN_OBJC_ROOT_CLASS = YES_ERROR;
				CLANG_WARN_QUOTED_INCLUDE_IN_FRAMEWORK_HEADER = YES;
				CLANG_WARN_RANGE_LOOP_ANALYSIS = YES;
				CLANG_WARN_STRICT_PROTOTYPES = YES;
				CLANG_WARN_SUSPICIOUS_MOVE = YES;
				CLANG_WARN_UNGUARDED_AVAILABILITY = YES_AGGRESSIVE;
				CLANG_WARN_UNREACHABLE_CODE = YES;
				CLANG_WARN__DUPLICATE_METHOD_MATCH = YES;
				COPY_PHASE_STRIP = NO;
				DEBUG_INFORMATION_FORMAT = "dwarf-with-dsym";
				ENABLE_NS_ASSERTIONS = NO;
				ENABLE_STRICT_OBJC_MSGSEND = YES;
				GCC_C_LANGUAGE_STANDARD = gnu11;
				GCC_NO_COMMON_BLOCKS = YES;
				GCC_WARN_64_TO_32_BIT_CONVERSION = YES;
				GCC_WARN_ABOUT_RETURN_TYPE = YES_ERROR;
				GCC_WARN_UNDECLARED_SELECTOR = YES;
				GCC_WARN_UNINITIALIZED_AUTOS = YES_AGGRESSIVE;
				GCC_WARN_UNUSED_FUNCTION = YES;
				GCC_WARN_UNUSED_VARIABLE = YES;
				MTL_ENABLE_DEBUG_INFO = NO;
				MTL_FAST_MATH = YES;
				SWIFT_COMPILATION_MODE = wholemodule;
				SWIFT_OPTIMIZATION_LEVEL = "-O";
			};
			name = Release;
		};
		71CA33402A01E73D00AB6926 /* Debug */ = {
			isa = XCBuildConfiguration;
			buildSettings = {
				ALWAYS_EMBED_SWIFT_STANDARD_LIBRARIES = YES;
				ASSETCATALOG_COMPILER_APPICON_NAME = AppIcon;
				ASSETCATALOG_COMPILER_GLOBAL_ACCENT_COLOR_NAME = AccentColor;
				CODE_SIGN_ENTITLEMENTS = SwiftUIMultiplatformDemo/SwiftUIMultiplatformDemo.entitlements;
				CODE_SIGN_STYLE = Automatic;
				CURRENT_PROJECT_VERSION = 1;
				DEVELOPMENT_ASSET_PATHS = "\"SwiftUIMultiplatformDemo/Preview Content\"";
				DEVELOPMENT_TEAM = 98A95ZRNVF;
				ENABLE_HARDENED_RUNTIME = YES;
				ENABLE_PREVIEWS = YES;
				GENERATE_INFOPLIST_FILE = YES;
				"INFOPLIST_KEY_UIApplicationSceneManifest_Generation[sdk=iphoneos*]" = YES;
				"INFOPLIST_KEY_UIApplicationSceneManifest_Generation[sdk=iphonesimulator*]" = YES;
				"INFOPLIST_KEY_UIApplicationSupportsIndirectInputEvents[sdk=iphoneos*]" = YES;
				"INFOPLIST_KEY_UIApplicationSupportsIndirectInputEvents[sdk=iphonesimulator*]" = YES;
				"INFOPLIST_KEY_UILaunchScreen_Generation[sdk=iphoneos*]" = YES;
				"INFOPLIST_KEY_UILaunchScreen_Generation[sdk=iphonesimulator*]" = YES;
				"INFOPLIST_KEY_UIStatusBarStyle[sdk=iphoneos*]" = UIStatusBarStyleDefault;
				"INFOPLIST_KEY_UIStatusBarStyle[sdk=iphonesimulator*]" = UIStatusBarStyleDefault;
				INFOPLIST_KEY_UISupportedInterfaceOrientations_iPad = "UIInterfaceOrientationPortrait UIInterfaceOrientationPortraitUpsideDown UIInterfaceOrientationLandscapeLeft UIInterfaceOrientationLandscapeRight";
				INFOPLIST_KEY_UISupportedInterfaceOrientations_iPhone = "UIInterfaceOrientationPortrait UIInterfaceOrientationLandscapeLeft UIInterfaceOrientationLandscapeRight";
				IPHONEOS_DEPLOYMENT_TARGET = 16.2;
				LD_RUNPATH_SEARCH_PATHS = "@executable_path/Frameworks";
				"LD_RUNPATH_SEARCH_PATHS[sdk=macosx*]" = "@executable_path/../Frameworks";
				MACOSX_DEPLOYMENT_TARGET = 12.5;
				MARKETING_VERSION = 1.0;
				PRODUCT_BUNDLE_IDENTIFIER = com.leon.SwiftUIMultiplatformDemo;
				PRODUCT_NAME = "$(TARGET_NAME)";
				SDKROOT = auto;
				SUPPORTED_PLATFORMS = "iphoneos iphonesimulator macosx";
				SWIFT_EMIT_LOC_STRINGS = YES;
				SWIFT_VERSION = 5.0;
				TARGETED_DEVICE_FAMILY = "1,2";
			};
			name = Debug;
		};
		71CA33412A01E73D00AB6926 /* Release */ = {
			isa = XCBuildConfiguration;
			buildSettings = {
				ALWAYS_EMBED_SWIFT_STANDARD_LIBRARIES = YES;
				ASSETCATALOG_COMPILER_APPICON_NAME = AppIcon;
				ASSETCATALOG_COMPILER_GLOBAL_ACCENT_COLOR_NAME = AccentColor;
				CODE_SIGN_ENTITLEMENTS = SwiftUIMultiplatformDemo/SwiftUIMultiplatformDemo.entitlements;
				CODE_SIGN_STYLE = Automatic;
				CURRENT_PROJECT_VERSION = 1;
				DEVELOPMENT_ASSET_PATHS = "\"SwiftUIMultiplatformDemo/Preview Content\"";
				DEVELOPMENT_TEAM = 98A95ZRNVF;
				ENABLE_HARDENED_RUNTIME = YES;
				ENABLE_PREVIEWS = YES;
				GENERATE_INFOPLIST_FILE = YES;
				"INFOPLIST_KEY_UIApplicationSceneManifest_Generation[sdk=iphoneos*]" = YES;
				"INFOPLIST_KEY_UIApplicationSceneManifest_Generation[sdk=iphonesimulator*]" = YES;
				"INFOPLIST_KEY_UIApplicationSupportsIndirectInputEvents[sdk=iphoneos*]" = YES;
				"INFOPLIST_KEY_UIApplicationSupportsIndirectInputEvents[sdk=iphonesimulator*]" = YES;
				"INFOPLIST_KEY_UILaunchScreen_Generation[sdk=iphoneos*]" = YES;
				"INFOPLIST_KEY_UILaunchScreen_Generation[sdk=iphonesimulator*]" = YES;
				"INFOPLIST_KEY_UIStatusBarStyle[sdk=iphoneos*]" = UIStatusBarStyleDefault;
				"INFOPLIST_KEY_UIStatusBarStyle[sdk=iphonesimulator*]" = UIStatusBarStyleDefault;
				INFOPLIST_KEY_UISupportedInterfaceOrientations_iPad = "UIInterfaceOrientationPortrait UIInterfaceOrientationPortraitUpsideDown UIInterfaceOrientationLandscapeLeft UIInterfaceOrientationLandscapeRight";
				INFOPLIST_KEY_UISupportedInterfaceOrientations_iPhone = "UIInterfaceOrientationPortrait UIInterfaceOrientationLandscapeLeft UIInterfaceOrientationLandscapeRight";
				IPHONEOS_DEPLOYMENT_TARGET = 16.2;
				LD_RUNPATH_SEARCH_PATHS = "@executable_path/Frameworks";
				"LD_RUNPATH_SEARCH_PATHS[sdk=macosx*]" = "@executable_path/../Frameworks";
				MACOSX_DEPLOYMENT_TARGET = 12.5;
				MARKETING_VERSION = 1.0;
				PRODUCT_BUNDLE_IDENTIFIER = com.leon.SwiftUIMultiplatformDemo;
				PRODUCT_NAME = "$(TARGET_NAME)";
				SDKROOT = auto;
				SUPPORTED_PLATFORMS = "iphoneos iphonesimulator macosx";
				SWIFT_EMIT_LOC_STRINGS = YES;
				SWIFT_VERSION = 5.0;
				TARGETED_DEVICE_FAMILY = "1,2";
			};
			name = Release;
		};
/* End XCBuildConfiguration section */

/* Begin XCConfigurationList section */
		716C1C972A0C219300A0942E /* Build configuration list for PBXNativeTarget "WidgetExtension" */ = {
			isa = XCConfigurationList;
			buildConfigurations = (
				716C1C952A0C219300A0942E /* Debug */,
				716C1C962A0C219300A0942E /* Release */,
			);
			defaultConfigurationIsVisible = 0;
			defaultConfigurationName = Release;
		};
		716C1CAC2A0C222700A0942E /* Build configuration list for PBXNativeTarget "Static WidgetExtension" */ = {
			isa = XCConfigurationList;
			buildConfigurations = (
				716C1CAD2A0C222700A0942E /* Debug */,
				716C1CAE2A0C222700A0942E /* Release */,
			);
			defaultConfigurationIsVisible = 0;
			defaultConfigurationName = Release;
		};
		719BB0352A0313B000138C58 /* Build configuration list for PBXNativeTarget "MultiplatformDemo Watch App" */ = {
			isa = XCConfigurationList;
			buildConfigurations = (
				719BB0332A0313B000138C58 /* Debug */,
				719BB0342A0313B000138C58 /* Release */,
			);
			defaultConfigurationIsVisible = 0;
			defaultConfigurationName = Release;
		};
		719BB0432A0313E000138C58 /* Build configuration list for PBXNativeTarget "Views" */ = {
			isa = XCConfigurationList;
			buildConfigurations = (
				719BB0442A0313E000138C58 /* Debug */,
				719BB0452A0313E000138C58 /* Release */,
			);
			defaultConfigurationIsVisible = 0;
			defaultConfigurationName = Release;
		};
		719BB05D2A0314E300138C58 /* Build configuration list for PBXNativeTarget "TV" */ = {
			isa = XCConfigurationList;
			buildConfigurations = (
				719BB05E2A0314E300138C58 /* Debug */,
				719BB05F2A0314E300138C58 /* Release */,
			);
			defaultConfigurationIsVisible = 0;
			defaultConfigurationName = Release;
		};
		71CA332B2A01E73B00AB6926 /* Build configuration list for PBXProject "SwiftUIMultiplatformDemo" */ = {
			isa = XCConfigurationList;
			buildConfigurations = (
				71CA333D2A01E73D00AB6926 /* Debug */,
				71CA333E2A01E73D00AB6926 /* Release */,
			);
			defaultConfigurationIsVisible = 0;
			defaultConfigurationName = Release;
		};
		71CA333F2A01E73D00AB6926 /* Build configuration list for PBXNativeTarget "SwiftUIMultiplatformDemo" */ = {
			isa = XCConfigurationList;
			buildConfigurations = (
				71CA33402A01E73D00AB6926 /* Debug */,
				71CA33412A01E73D00AB6926 /* Release */,
			);
			defaultConfigurationIsVisible = 0;
			defaultConfigurationName = Release;
		};
/* End XCConfigurationList section */
	};
	rootObject = 71CA33282A01E73B00AB6926 /* Project object */;
}
